{
    "hash": "876d8f61d3eabd3f1837a817a8ee06a6",
    "packages": [
        {
            "name": "recensus/zend-http-client",
            "version": "dev-master",
            "source": {
                "type": "git",
                "url": "https://github.com/Recensus/zend_http_client.git",
                "reference": "ffc0bb9dec1581b044768c2d32a46a5d41e46095"
            },
            "dist": {
                "type": "zip",
                "url": "https://github.com/Recensus/zend_http_client/archive/ffc0bb9dec1581b044768c2d32a46a5d41e46095.zip",
                "reference": "ffc0bb9dec1581b044768c2d32a46a5d41e46095",
                "shasum": ""
            },
            "require": {
                "php": ">=5.1.0"
            },
            "time": "1354379855",
            "type": "library",
            "installation-source": "source",
            "autoload": {
                "classmap": [
                    "src/Zend"
                ]
            },
            "license": [
                "BSD"
            ],
            "authors": [
                {
                    "name": "Ben Waine",
                    "email": "ben@recensus.com",
                    "homepage": "app.recensus.com",
                    "role": "Maintainer"
                }
            ],
            "description": "Http Client For PHP5.1 and Above",
            "homepage": "http://github.com/recensus/zend_http_client",
            "keywords": [
                "http"
            ],
            "support": {
                "source": "https://github.com/Recensus/zend_http_client/tree/master",
                "issues": "https://github.com/Recensus/zend_http_client/issues"
            }
        }
    ],
    "packages-dev": null,
    "aliases": [

    ],
    "minimum-stability": "stable",
    "stability-flags": {
        "recensus/zend-http-client": 20
    }
}
