{
    "hash": "5e628f3c2fa871d28e72af80441ebd23",
    "packages": [
        {
            "name": "recensus/zend-http-client",
            "version": "dev-master",
            "source": {
                "type": "git",
                "url": "https://github.com/Recensus/zend_http_client.git",
                "reference": "df69866fa8ccf54a740192610fe8e36449bb438d"
            },
            "dist": {
                "type": "zip",
                "url": "https://github.com/Recensus/zend_http_client/archive/df69866fa8ccf54a740192610fe8e36449bb438d.zip",
                "reference": "df69866fa8ccf54a740192610fe8e36449bb438d",
                "shasum": ""
            },
            "require": {
                "php": ">=5.1.0"
            },
            "time": "1354561296",
            "type": "library",
            "installation-source": "source",
            "autoload": {
                "classmap": [
                    "src/Zend"
                ]
            },
            "license": [
                "BSD"
            ],
            "authors": [
                {
                    "name": "Ben Waine",
                    "email": "ben@recensus.com",
                    "homepage": "app.recensus.com",
                    "role": "Maintainer"
                }
            ],
            "description": "Http client For PHP5.1 and above. Originally part of ZF1.11",
            "homepage": "http://github.com/recensus/zend_http_client",
            "keywords": [
                "http"
            ],
            "support": {
                "source": "https://github.com/Recensus/zend_http_client/tree/master",
                "issues": "https://github.com/Recensus/zend_http_client/issues"
            }
        }
    ],
    "packages-dev": null,
    "aliases": [

    ],
    "minimum-stability": "stable",
    "stability-flags": {
        "recensus/zend-http-client": 20
    }
}
